
Microsoft Visual Studio Solution File, Format Version 12.00
# Visual Studio 15
VisualStudioVersion = 15.0.27428.2015
MinimumVisualStudioVersion = 10.0.40219.1
Project("{FAE04EC0-301F-11D3-BF4B-00C04F79EFBC}") = "ITCSurveyReportLite", "ITCSurveyReportLite\ITCSurveyReportLite.csproj", "{888AA55D-C45F-4F7C-B9FD-D578B657EAF9}"
EndProject
Project("{FAE04EC0-301F-11D3-BF4B-00C04F79EFBC}") = "ITCLib", "..\ITCLib\ITCLib\ITCLib.csproj", "{1F878409-8602-4DC3-A0CB-45CCCC21289E}"
EndProject
Project("{FAE04EC0-301F-11D3-BF4B-00C04F79EFBC}") = "DataAccessLayer", "..\DataAccessLayer\DataAccessLayer\DataAccessLayer.csproj", "{A95EC154-7009-4323-A432-1261B2CC7124}"
EndProject
Project("{FAE04EC0-301F-11D3-BF4B-00C04F79EFBC}") = "SurveyReportLiteTests", "SurveyReportLiteTests\SurveyReportLiteTests.csproj", "{16F4659B-3A0D-42C4-B32A-181B7ACD49A0}"
EndProject
Global
	GlobalSection(SolutionConfigurationPlatforms) = preSolution
		Debug|Any CPU = Debug|Any CPU
		Release|Any CPU = Release|Any CPU
	EndGlobalSection
	GlobalSection(ProjectConfigurationPlatforms) = postSolution
		{888AA55D-C45F-4F7C-B9FD-D578B657EAF9}.Debug|Any CPU.ActiveCfg = Debug|Any CPU
		{888AA55D-C45F-4F7C-B9FD-D578B657EAF9}.Debug|Any CPU.Build.0 = Debug|Any CPU
		{888AA55D-C45F-4F7C-B9FD-D578B657EAF9}.Release|Any CPU.ActiveCfg = Release|Any CPU
		{888AA55D-C45F-4F7C-B9FD-D578B657EAF9}.Release|Any CPU.Build.0 = Release|Any CPU
		{1F878409-8602-4DC3-A0CB-45CCCC21289E}.Debug|Any CPU.ActiveCfg = Debug|Any CPU
		{1F878409-8602-4DC3-A0CB-45CCCC21289E}.Debug|Any CPU.Build.0 = Debug|Any CPU
		{1F878409-8602-4DC3-A0CB-45CCCC21289E}.Release|Any CPU.ActiveCfg = Release|Any CPU
		{1F878409-8602-4DC3-A0CB-45CCCC21289E}.Release|Any CPU.Build.0 = Release|Any CPU
		{A95EC154-7009-4323-A432-1261B2CC7124}.Debug|Any CPU.ActiveCfg = Debug|Any CPU
		{A95EC154-7009-4323-A432-1261B2CC7124}.Debug|Any CPU.Build.0 = Debug|Any CPU
		{A95EC154-7009-4323-A432-1261B2CC7124}.Release|Any CPU.ActiveCfg = Release|Any CPU
		{A95EC154-7009-4323-A432-1261B2CC7124}.Release|Any CPU.Build.0 = Release|Any CPU
		{16F4659B-3A0D-42C4-B32A-181B7ACD49A0}.Debug|Any CPU.ActiveCfg = Debug|Any CPU
		{16F4659B-3A0D-42C4-B32A-181B7ACD49A0}.Debug|Any CPU.Build.0 = Debug|Any CPU
		{16F4659B-3A0D-42C4-B32A-181B7ACD49A0}.Release|Any CPU.ActiveCfg = Release|Any CPU
		{16F4659B-3A0D-42C4-B32A-181B7ACD49A0}.Release|Any CPU.Build.0 = Release|Any CPU
	EndGlobalSection
	GlobalSection(SolutionProperties) = preSolution
		HideSolutionNode = FALSE
	EndGlobalSection
	GlobalSection(ExtensibilityGlobals) = postSolution
		SolutionGuid = {E21AE1CD-1BBD-40D2-A8E4-DD0C64517835}
	EndGlobalSection
EndGlobal
